// !$*UTF8*$!
{
	archiveVersion = 1;
	classes = {
	};
	objectVersion = 50;
	objects = {

/* Begin PBXBuildFile section */
		1836801626C9CB7B00C4DB21 /* AppDelegate.swift in Sources */ = {isa = PBXBuildFile; fileRef = 1836801526C9CB7B00C4DB21 /* AppDelegate.swift */; };
		1836801826C9CB7B00C4DB21 /* SceneDelegate.swift in Sources */ = {isa = PBXBuildFile; fileRef = 1836801726C9CB7B00C4DB21 /* SceneDelegate.swift */; };
		1836801A26C9CB7B00C4DB21 /* ViewController.swift in Sources */ = {isa = PBXBuildFile; fileRef = 1836801926C9CB7B00C4DB21 /* ViewController.swift */; };
		1836801D26C9CB7B00C4DB21 /* Main.storyboard in Resources */ = {isa = PBXBuildFile; fileRef = 1836801B26C9CB7B00C4DB21 /* Main.storyboard */; };
		1836801F26C9CB7D00C4DB21 /* Assets.xcassets in Resources */ = {isa = PBXBuildFile; fileRef = 1836801E26C9CB7D00C4DB21 /* Assets.xcassets */; };
		1836802226C9CB7D00C4DB21 /* LaunchScreen.storyboard in Resources */ = {isa = PBXBuildFile; fileRef = 1836802026C9CB7D00C4DB21 /* LaunchScreen.storyboard */; };
		3104DAC72DC0F5753911F599 /* Pods_Keychain.framework in Frameworks */ = {isa = PBXBuildFile; fileRef = 93D5E9783E2C64DAE2DF59FB /* Pods_Keychain.framework */; };
/* End PBXBuildFile section */

/* Begin PBXFileReference section */
		1836801226C9CB7B00C4DB21 /* Keychain.app */ = {isa = PBXFileReference; explicitFileType = wrapper.application; includeInIndex = 0; path = Keychain.app; sourceTree = BUILT_PRODUCTS_DIR; };
		1836801526C9CB7B00C4DB21 /* AppDelegate.swift */ = {isa = PBXFileReference; lastKnownFileType = sourcecode.swift; path = AppDelegate.swift; sourceTree = "<group>"; };
		1836801726C9CB7B00C4DB21 /* SceneDelegate.swift */ = {isa = PBXFileReference; lastKnownFileType = sourcecode.swift; path = SceneDelegate.swift; sourceTree = "<group>"; };
		1836801926C9CB7B00C4DB21 /* ViewController.swift */ = {isa = PBXFileReference; lastKnownFileType = sourcecode.swift; path = ViewController.swift; sourceTree = "<group>"; };
		1836801C26C9CB7B00C4DB21 /* Base */ = {isa = PBXFileReference; lastKnownFileType = file.storyboard; name = Base; path = Base.lproj/Main.storyboard; sourceTree = "<group>"; };
		1836801E26C9CB7D00C4DB21 /* Assets.xcassets */ = {isa = PBXFileReference; lastKnownFileType = folder.assetcatalog; path = Assets.xcassets; sourceTree = "<group>"; };
		1836802126C9CB7D00C4DB21 /* Base */ = {isa = PBXFileReference; lastKnownFileType = file.storyboard; name = Base; path = Base.lproj/LaunchScreen.storyboard; sourceTree = "<group>"; };
		1836802326C9CB7D00C4DB21 /* Info.plist */ = {isa = PBXFileReference; lastKnownFileType = text.plist.xml; path = Info.plist; sourceTree = "<group>"; };
		33ADC1B21B222F3444BBA5F5 /* Pods-Keychain.debug.xcconfig */ = {isa = PBXFileReference; includeInIndex = 1; lastKnownFileType = text.xcconfig; name = "Pods-Keychain.debug.xcconfig"; path = "Target Support Files/Pods-Keychain/Pods-Keychain.debug.xcconfig"; sourceTree = "<group>"; };
		8559E6FC9FBA2A9B5D628DEA /* Pods-Keychain.release.xcconfig */ = {isa = PBXFileReference; includeInIndex = 1; lastKnownFileType = text.xcconfig; name = "Pods-Keychain.release.xcconfig"; path = "Target Support Files/Pods-Keychain/Pods-Keychain.release.xcconfig"; sourceTree = "<group>"; };
		93D5E9783E2C64DAE2DF59FB /* Pods_Keychain.framework */ = {isa = PBXFileReference; explicitFileType = wrapper.framework; includeInIndex = 0; path = Pods_Keychain.framework; sourceTree = BUILT_PRODUCTS_DIR; };
/* End PBXFileReference section */

/* Begin PBXFrameworksBuildPhase section */
		1836800F26C9CB7B00C4DB21 /* Frameworks */ = {
			isa = PBXFrameworksBuildPhase;
			buildActionMask = 2147483647;
			files = (
				3104DAC72DC0F5753911F599 /* Pods_Keychain.framework in Frameworks */,
			);
			runOnlyForDeploymentPostprocessing = 0;
		};
/* End PBXFrameworksBuildPhase section */

/* Begin PBXGroup section */
		1836800926C9CB7B00C4DB21 = {
			isa = PBXGroup;
			children = (
				1836801426C9CB7B00C4DB21 /* Keychain */,
				1836801326C9CB7B00C4DB21 /* Products */,
				EF6EE46AC96902F0F795A196 /* Pods */,
				E4FDEE9FA86D686667851EED /* Frameworks */,
			);
			sourceTree = "<group>";
		};
		1836801326C9CB7B00C4DB21 /* Products */ = {
			isa = PBXGroup;
			children = (
				1836801226C9CB7B00C4DB21 /* Keychain.app */,
			);
			name = Products;
			sourceTree = "<group>";
		};
		1836801426C9CB7B00C4DB21 /* Keychain */ = {
			isa = PBXGroup;
			children = (
				1836801526C9CB7B00C4DB21 /* AppDelegate.swift */,
				1836801726C9CB7B00C4DB21 /* SceneDelegate.swift */,
				1836801926C9CB7B00C4DB21 /* ViewController.swift */,
				1836801B26C9CB7B00C4DB21 /* Main.storyboard */,
				1836801E26C9CB7D00C4DB21 /* Assets.xcassets */,
				1836802026C9CB7D00C4DB21 /* LaunchScreen.storyboard */,
				1836802326C9CB7D00C4DB21 /* Info.plist */,
			);
			path = Keychain;
			sourceTree = "<group>";
		};
		E4FDEE9FA86D686667851EED /* Frameworks */ = {
			isa = PBXGroup;
			children = (
				93D5E9783E2C64DAE2DF59FB /* Pods_Keychain.framework */,
			);
			name = Frameworks;
			sourceTree = "<group>";
		};
		EF6EE46AC96902F0F795A196 /* Pods */ = {
			isa = PBXGroup;
			children = (
				33ADC1B21B222F3444BBA5F5 /* Pods-Keychain.debug.xcconfig */,
				8559E6FC9FBA2A9B5D628DEA /* Pods-Keychain.release.xcconfig */,
			);
			name = Pods;
			path = Pods;
			sourceTree = "<group>";
		};
/* End PBXGroup section */

/* Begin PBXNativeTarget section */
		1836801126C9CB7B00C4DB21 /* Keychain */ = {
			isa = PBXNativeTarget;
			buildConfigurationList = 1836802626C9CB7D00C4DB21 /* Build configuration list for PBXNativeTarget "Keychain" */;
			buildPhases = (
				E01878874FD744D0D08989B9 /* [CP] Check Pods Manifest.lock */,
				1836800E26C9CB7B00C4DB21 /* Sources */,
				1836800F26C9CB7B00C4DB21 /* Frameworks */,
				1836801026C9CB7B00C4DB21 /* Resources */,
				89A20AC599CCFFE804C1B0E9 /* [CP] Embed Pods Frameworks */,
			);
			buildRules = (
			);
			dependencies = (
			);
			name = Keychain;
			productName = Keychain;
			productReference = 1836801226C9CB7B00C4DB21 /* Keychain.app */;
			productType = "com.apple.product-type.application";
		};
/* End PBXNativeTarget section */

/* Begin PBXProject section */
		1836800A26C9CB7B00C4DB21 /* Project object */ = {
			isa = PBXProject;
			attributes = {
				LastSwiftUpdateCheck = 1250;
				LastUpgradeCheck = 1250;
				TargetAttributes = {
					1836801126C9CB7B00C4DB21 = {
						CreatedOnToolsVersion = 12.5.1;
					};
				};
			};
			buildConfigurationList = 1836800D26C9CB7B00C4DB21 /* Build configuration list for PBXProject "Keychain" */;
			compatibilityVersion = "Xcode 9.3";
			developmentRegion = en;
			hasScannedForEncodings = 0;
			knownRegions = (
				en,
				Base,
			);
			mainGroup = 1836800926C9CB7B00C4DB21;
			productRefGroup = 1836801326C9CB7B00C4DB21 /* Products */;
			projectDirPath = "";
			projectRoot = "";
			targets = (
				1836801126C9CB7B00C4DB21 /* Keychain */,
			);
		};
/* End PBXProject section */

/* Begin PBXResourcesBuildPhase section */
		1836801026C9CB7B00C4DB21 /* Resources */ = {
			isa = PBXResourcesBuildPhase;
			buildActionMask = 2147483647;
			files = (
				1836802226C9CB7D00C4DB21 /* LaunchScreen.storyboard in Resources */,
				1836801F26C9CB7D00C4DB21 /* Assets.xcassets in Resources */,
				1836801D26C9CB7B00C4DB21 /* Main.storyboard in Resources */,
			);
			runOnlyForDeploymentPostprocessing = 0;
		};
/* End PBXResourcesBuildPhase section */

/* Begin PBXShellScriptBuildPhase section */
		89A20AC599CCFFE804C1B0E9 /* [CP] Embed Pods Frameworks */ = {
			isa = PBXShellScriptBuildPhase;
			buildActionMask = 2147483647;
			files = (
			);
			inputFileListPaths = (
				"${PODS_ROOT}/Target Support Files/Pods-Keychain/Pods-Keychain-frameworks-${CONFIGURATION}-input-files.xcfilelist",
			);
			name = "[CP] Embed Pods Frameworks";
			outputFileListPaths = (
				"${PODS_ROOT}/Target Support Files/Pods-Keychain/Pods-Keychain-frameworks-${CONFIGURATION}-output-files.xcfilelist",
			);
			runOnlyForDeploymentPostprocessing = 0;
			shellPath = /bin/sh;
			shellScript = "\"${PODS_ROOT}/Target Support Files/Pods-Keychain/Pods-Keychain-frameworks.sh\"\n";
			showEnvVarsInLog = 0;
		};
		E01878874FD744D0D08989B9 /* [CP] Check Pods Manifest.lock */ = {
			isa = PBXShellScriptBuildPhase;
			buildActionMask = 2147483647;
			files = (
			);
			inputFileListPaths = (
			);
			inputPaths = (
				"${PODS_PODFILE_DIR_PATH}/Podfile.lock",
				"${PODS_ROOT}/Manifest.lock",
			);
			name = "[CP] Check Pods Manifest.lock";
			outputFileListPaths = (
			);
			outputPaths = (
				"$(DERIVED_FILE_DIR)/Pods-Keychain-checkManifestLockResult.txt",
			);
			runOnlyForDeploymentPostprocessing = 0;
			shellPath = /bin/sh;
			shellScript = "diff \"${PODS_PODFILE_DIR_PATH}/Podfile.lock\" \"${PODS_ROOT}/Manifest.lock\" > /dev/null\nif [ $? != 0 ] ; then\n    # print error to STDERR\n    echo \"error: The sandbox is not in sync with the Podfile.lock. Run 'pod install' or update your CocoaPods installation.\" >&2\n    exit 1\nfi\n# This output is used by Xcode 'outputs' to avoid re-running this script phase.\necho \"SUCCESS\" > \"${SCRIPT_OUTPUT_FILE_0}\"\n";
			showEnvVarsInLog = 0;
		};
/* End PBXShellScriptBuildPhase section */

/* Begin PBXSourcesBuildPhase section */
		1836800E26C9CB7B00C4DB21 /* Sources */ = {
			isa = PBXSourcesBuildPhase;
			buildActionMask = 2147483647;
			files = (
				1836801A26C9CB7B00C4DB21 /* ViewController.swift in Sources */,
				1836801626C9CB7B00C4DB21 /* AppDelegate.swift in Sources */,
				1836801826C9CB7B00C4DB21 /* SceneDelegate.swift in Sources */,
			);
			runOnlyForDeploymentPostprocessing = 0;
		};
/* End PBXSourcesBuildPhase section */

/* Begin PBXVariantGroup section */
		1836801B26C9CB7B00C4DB21 /* Main.storyboard */ = {
			isa = PBXVariantGroup;
			children = (
				1836801C26C9CB7B00C4DB21 /* Base */,
			);
			name = Main.storyboard;
			sourceTree = "<group>";
		};
		1836802026C9CB7D00C4DB21 /* LaunchScreen.storyboard */ = {
			isa = PBXVariantGroup;
			children = (
				1836802126C9CB7D00C4DB21 /* Base */,
			);
			name = LaunchScreen.storyboard;
			sourceTree = "<group>";
		};
/* End PBXVariantGroup section */

/* Begin XCBuildConfiguration section */
		1836802426C9CB7D00C4DB21 /* Debug */ = {
			isa = XCBuildConfiguration;
			buildSettings = {
				ALWAYS_SEARCH_USER_PATHS = NO;
				CLANG_ANALYZER_NONNULL = YES;
				CLANG_ANALYZER_NUMBER_OBJECT_CONVERSION = YES_AGGRESSIVE;
				CLANG_CXX_LANGUAGE_STANDARD = "gnu++14";
				CLANG_CXX_LIBRARY = "libc++";
				CLANG_ENABLE_MODULES = YES;
				CLANG_ENABLE_OBJC_ARC = YES;
				CLANG_ENABLE_OBJC_WEAK = YES;
				CLANG_WARN_BLOCK_CAPTURE_AUTORELEASING = YES;
				CLANG_WARN_BOOL_CONVERSION = YES;
				CLANG_WARN_COMMA = YES;
				CLANG_WARN_CONSTANT_CONVERSION = YES;
				CLANG_WARN_DEPRECATED_OBJC_IMPLEMENTATIONS = YES;
				CLANG_WARN_DIRECT_OBJC_ISA_USAGE = YES_ERROR;
				CLANG_WARN_DOCUMENTATION_COMMENTS = YES;
				CLANG_WARN_EMPTY_BODY = YES;
				CLANG_WARN_ENUM_CONVERSION = YES;
				CLANG_WARN_INFINITE_RECURSION = YES;
				CLANG_WARN_INT_CONVERSION = YES;
				CLANG_WARN_NON_LITERAL_NULL_CONVERSION = YES;
				CLANG_WARN_OBJC_IMPLICIT_RETAIN_SELF = YES;
				CLANG_WARN_OBJC_LITERAL_CONVERSION = YES;
				CLANG_WARN_OBJC_ROOT_CLASS = YES_ERROR;
				CLANG_WARN_QUOTED_INCLUDE_IN_FRAMEWORK_HEADER = YES;
				CLANG_WARN_RANGE_LOOP_ANALYSIS = YES;
				CLANG_WARN_STRICT_PROTOTYPES = YES;
				CLANG_WARN_SUSPICIOUS_MOVE = YES;
				CLANG_WARN_UNGUARDED_AVAILABILITY = YES_AGGRESSIVE;
				CLANG_WARN_UNREACHABLE_CODE = YES;
				CLANG_WARN__DUPLICATE_METHOD_MATCH = YES;
				COPY_PHASE_STRIP = NO;
				DEBUG_INFORMATION_FORMAT = dwarf;
				ENABLE_STRICT_OBJC_MSGSEND = YES;
				ENABLE_TESTABILITY = YES;
				GCC_C_LANGUAGE_STANDARD = gnu11;
				GCC_DYNAMIC_NO_PIC = NO;
				GCC_NO_COMMON_BLOCKS = YES;
				GCC_OPTIMIZATION_LEVEL = 0;
				GCC_PREPROCESSOR_DEFINITIONS = (
					"DEBUG=1",
					"$(inherited)",
				);
				GCC_WARN_64_TO_32_BIT_CONVERSION = YES;
				GCC_WARN_ABOUT_RETURN_TYPE = YES_ERROR;
				GCC_WARN_UNDECLARED_SELECTOR = YES;
				GCC_WARN_UNINITIALIZED_AUTOS = YES_AGGRESSIVE;
				GCC_WARN_UNUSED_FUNCTION = YES;
				GCC_WARN_UNUSED_VARIABLE = YES;
				IPHONEOS_DEPLOYMENT_TARGET = 14.5;
				MTL_ENABLE_DEBUG_INFO = INCLUDE_SOURCE;
				MTL_FAST_MATH = YES;
				ONLY_ACTIVE_ARCH = YES;
				SDKROOT = iphoneos;
				SWIFT_ACTIVE_COMPILATION_CONDITIONS = DEBUG;
				SWIFT_OPTIMIZATION_LEVEL = "-Onone";
			};
			name = Debug;
		};
		1836802526C9CB7D00C4DB21 /* Release */ = {
			isa = XCBuildConfiguration;
			buildSettings = {
				ALWAYS_SEARCH_USER_PATHS = NO;
				CLANG_ANALYZER_NONNULL = YES;
				CLANG_ANALYZER_NUMBER_OBJECT_CONVERSION = YES_AGGRESSIVE;
				CLANG_CXX_LANGUAGE_STANDARD = "gnu++14";
				CLANG_CXX_LIBRARY = "libc++";
				CLANG_ENABLE_MODULES = YES;
				CLANG_ENABLE_OBJC_ARC = YES;
				CLANG_ENABLE_OBJC_WEAK = YES;
				CLANG_WARN_BLOCK_CAPTURE_AUTORELEASING = YES;
				CLANG_WARN_BOOL_CONVERSION = YES;
				CLANG_WARN_COMMA = YES;
				CLANG_WARN_CONSTANT_CONVERSION = YES;
				CLANG_WARN_DEPRECATED_OBJC_IMPLEMENTATIONS = YES;
				CLANG_WARN_DIRECT_OBJC_ISA_USAGE = YES_ERROR;
				CLANG_WARN_DOCUMENTATION_COMMENTS = YES;
				CLANG_WARN_EMPTY_BODY = YES;
				CLANG_WARN_ENUM_CONVERSION = YES;
				CLANG_WARN_INFINITE_RECURSION = YES;
				CLANG_WARN_INT_CONVERSION = YES;
				CLANG_WARN_NON_LITERAL_NULL_CONVERSION = YES;
				CLANG_WARN_OBJC_IMPLICIT_RETAIN_SELF = YES;
				CLANG_WARN_OBJC_LITERAL_CONVERSION = YES;
				CLANG_WARN_OBJC_ROOT_CLASS = YES_ERROR;
				CLANG_WARN_QUOTED_INCLUDE_IN_FRAMEWORK_HEADER = YES;
				CLANG_WARN_RANGE_LOOP_ANALYSIS = YES;
				CLANG_WARN_STRICT_PROTOTYPES = YES;
				CLANG_WARN_SUSPICIOUS_MOVE = YES;
				CLANG_WARN_UNGUARDED_AVAILABILITY = YES_AGGRESSIVE;
				CLANG_WARN_UNREACHABLE_CODE = YES;
				CLANG_WARN__DUPLICATE_METHOD_MATCH = YES;
				COPY_PHASE_STRIP = NO;
				DEBUG_INFORMATION_FORMAT = "dwarf-with-dsym";
				ENABLE_NS_ASSERTIONS = NO;
				ENABLE_STRICT_OBJC_MSGSEND = YES;
				GCC_C_LANGUAGE_STANDARD = gnu11;
				GCC_NO_COMMON_BLOCKS = YES;
				GCC_WARN_64_TO_32_BIT_CONVERSION = YES;
				GCC_WARN_ABOUT_RETURN_TYPE = YES_ERROR;
				GCC_WARN_UNDECLARED_SELECTOR = YES;
				GCC_WARN_UNINITIALIZED_AUTOS = YES_AGGRESSIVE;
				GCC_WARN_UNUSED_FUNCTION = YES;
				GCC_WARN_UNUSED_VARIABLE = YES;
				IPHONEOS_DEPLOYMENT_TARGET = 14.5;
				MTL_ENABLE_DEBUG_INFO = NO;
				MTL_FAST_MATH = YES;
				SDKROOT = iphoneos;
				SWIFT_COMPILATION_MODE = wholemodule;
				SWIFT_OPTIMIZATION_LEVEL = "-O";
				VALIDATE_PRODUCT = YES;
			};
			name = Release;
		};
		1836802726C9CB7D00C4DB21 /* Debug */ = {
			isa = XCBuildConfiguration;
			baseConfigurationReference = 33ADC1B21B222F3444BBA5F5 /* Pods-Keychain.debug.xcconfig */;
			buildSettings = {
				ASSETCATALOG_COMPILER_APPICON_NAME = AppIcon;
				ASSETCATALOG_COMPILER_GLOBAL_ACCENT_COLOR_NAME = AccentColor;
				CODE_SIGN_STYLE = Automatic;
				INFOPLIST_FILE = Keychain/Info.plist;
				LD_RUNPATH_SEARCH_PATHS = (
					"$(inherited)",
					"@executable_path/Frameworks",
				);
				PRODUCT_BUNDLE_IDENTIFIER = abao769.Keychain;
				PRODUCT_NAME = "$(TARGET_NAME)";
				SWIFT_VERSION = 5.0;
				TARGETED_DEVICE_FAMILY = "1,2";
			};
			name = Debug;
		};
		1836802826C9CB7D00C4DB21 /* Release */ = {
			isa = XCBuildConfiguration;
			baseConfigurationReference = 8559E6FC9FBA2A9B5D628DEA /* Pods-Keychain.release.xcconfig */;
			buildSettings = {
				ASSETCATALOG_COMPILER_APPICON_NAME = AppIcon;
				ASSETCATALOG_COMPILER_GLOBAL_ACCENT_COLOR_NAME = AccentColor;
				CODE_SIGN_STYLE = Automatic;
				INFOPLIST_FILE = Keychain/Info.plist;
				LD_RUNPATH_SEARCH_PATHS = (
					"$(inherited)",
					"@executable_path/Frameworks",
				);
				PRODUCT_BUNDLE_IDENTIFIER = abao769.Keychain;
				PRODUCT_NAME = "$(TARGET_NAME)";
				SWIFT_VERSION = 5.0;
				TARGETED_DEVICE_FAMILY = "1,2";
			};
			name = Release;
		};
/* End XCBuildConfiguration section */

/* Begin XCConfigurationList section */
		1836800D26C9CB7B00C4DB21 /* Build configuration list for PBXProject "Keychain" */ = {
			isa = XCConfigurationList;
			buildConfigurations = (
				1836802426C9CB7D00C4DB21 /* Debug */,
				1836802526C9CB7D00C4DB21 /* Release */,
			);
			defaultConfigurationIsVisible = 0;
			defaultConfigurationName = Release;
		};
		1836802626C9CB7D00C4DB21 /* Build configuration list for PBXNativeTarget "Keychain" */ = {
			isa = XCConfigurationList;
			buildConfigurations = (
				1836802726C9CB7D00C4DB21 /* Debug */,
				1836802826C9CB7D00C4DB21 /* Release */,
			);
			defaultConfigurationIsVisible = 0;
			defaultConfigurationName = Release;
		};
/* End XCConfigurationList section */
	};
	rootObject = 1836800A26C9CB7B00C4DB21 /* Project object */;
}
